// !$*UTF8*$!
{
	archiveVersion = 1;
	classes = {
	};
	objectVersion = 52;
	objects = {

/* Begin PBXBuildFile section */
		465E98E726551A9900610538 /* AppDelegate.swift in Sources */ = {isa = PBXBuildFile; fileRef = 465E98E626551A9900610538 /* AppDelegate.swift */; };
		465E98E926551A9900610538 /* SceneDelegate.swift in Sources */ = {isa = PBXBuildFile; fileRef = 465E98E826551A9900610538 /* SceneDelegate.swift */; };
		465E98EB26551A9900610538 /* HomeViewController.swift in Sources */ = {isa = PBXBuildFile; fileRef = 465E98EA26551A9900610538 /* HomeViewController.swift */; };
		465E98F026551A9C00610538 /* Assets.xcassets in Resources */ = {isa = PBXBuildFile; fileRef = 465E98EF26551A9C00610538 /* Assets.xcassets */; };
		465E98F326551A9C00610538 /* LaunchScreen.storyboard in Resources */ = {isa = PBXBuildFile; fileRef = 465E98F126551A9C00610538 /* LaunchScreen.storyboard */; };
		465E990326551F0900610538 /* MyTabbarViewController.swift in Sources */ = {isa = PBXBuildFile; fileRef = 465E990226551F0900610538 /* MyTabbarViewController.swift */; };
		465E990926551F2C00610538 /* SearchViewController.swift in Sources */ = {isa = PBXBuildFile; fileRef = 465E990826551F2C00610538 /* SearchViewController.swift */; };
		465E990D26551F4200610538 /* LibraryViewController.swift in Sources */ = {isa = PBXBuildFile; fileRef = 465E990C26551F4200610538 /* LibraryViewController.swift */; };
		465E991426551FBD00610538 /* AuthViewController.swift in Sources */ = {isa = PBXBuildFile; fileRef = 465E991326551FBD00610538 /* AuthViewController.swift */; };
		465E991826551FC800610538 /* WelcomeViewController.swift in Sources */ = {isa = PBXBuildFile; fileRef = 465E991726551FC800610538 /* WelcomeViewController.swift */; };
		465E991B2655201300610538 /* AuthManager.swift in Sources */ = {isa = PBXBuildFile; fileRef = 465E991A2655201300610538 /* AuthManager.swift */; };
		465E991E2655201D00610538 /* APICaller.swift in Sources */ = {isa = PBXBuildFile; fileRef = 465E991D2655201D00610538 /* APICaller.swift */; };
		465E992426552B4900610538 /* SnapKit in Frameworks */ = {isa = PBXBuildFile; productRef = 465E992326552B4900610538 /* SnapKit */; };
		465E99272656067300610538 /* AuthResponse.swift in Sources */ = {isa = PBXBuildFile; fileRef = 465E99262656067300610538 /* AuthResponse.swift */; };
		465E992A26561EBE00610538 /* UserProfile.swift in Sources */ = {isa = PBXBuildFile; fileRef = 465E992926561EBE00610538 /* UserProfile.swift */; };
		465E992D265623E500610538 /* ProfileViewController.swift in Sources */ = {isa = PBXBuildFile; fileRef = 465E992C265623E500610538 /* ProfileViewController.swift */; };
		465E99302656368200610538 /* SearchResult.swift in Sources */ = {isa = PBXBuildFile; fileRef = 465E992F2656368200610538 /* SearchResult.swift */; };
		465E99342656547E00610538 /* HomeView.swift in Sources */ = {isa = PBXBuildFile; fileRef = 465E99332656547D00610538 /* HomeView.swift */; };
		465E99372656548C00610538 /* SearchView.swift in Sources */ = {isa = PBXBuildFile; fileRef = 465E99362656548C00610538 /* SearchView.swift */; };
		465E993A2656549B00610538 /* LibraryView.swift in Sources */ = {isa = PBXBuildFile; fileRef = 465E99392656549B00610538 /* LibraryView.swift */; };
		465E993D265654A700610538 /* ProfileView.swift in Sources */ = {isa = PBXBuildFile; fileRef = 465E993C265654A700610538 /* ProfileView.swift */; };
		465E994126565B7C00610538 /* HomeTableViewCell.swift in Sources */ = {isa = PBXBuildFile; fileRef = 465E994026565B7C00610538 /* HomeTableViewCell.swift */; };
		465E994626565F7100610538 /* BackgroundColor.swift in Sources */ = {isa = PBXBuildFile; fileRef = 465E994526565F7000610538 /* BackgroundColor.swift */; };
		465E997A26577B1E00610538 /* Brouse.swift in Sources */ = {isa = PBXBuildFile; fileRef = 465E997926577B1E00610538 /* Brouse.swift */; };
		465E997E265787C000610538 /* RankPlaylist.swift in Sources */ = {isa = PBXBuildFile; fileRef = 465E997D265787C000610538 /* RankPlaylist.swift */; };
		465E9984265795F500610538 /* HomeCollectionViewCell.swift in Sources */ = {isa = PBXBuildFile; fileRef = 465E9983265795F500610538 /* HomeCollectionViewCell.swift */; };
		465E99882657B4EB00610538 /* ArtistsList.swift in Sources */ = {isa = PBXBuildFile; fileRef = 465E99872657B4EB00610538 /* ArtistsList.swift */; };
		465E99902658E29200610538 /* GetImages.swift in Sources */ = {isa = PBXBuildFile; fileRef = 465E998F2658E29200610538 /* GetImages.swift */; };
		465E9997265A8C7900610538 /* RecenlyPlayed.swift in Sources */ = {isa = PBXBuildFile; fileRef = 465E9996265A8C7900610538 /* RecenlyPlayed.swift */; };
		465E999A265A9B4F00610538 /* NewReleases.swift in Sources */ = {isa = PBXBuildFile; fileRef = 465E9999265A9B4F00610538 /* NewReleases.swift */; };
		465E999D265AA6FB00610538 /* CurrentlyFollowing.swift in Sources */ = {isa = PBXBuildFile; fileRef = 465E999C265AA6FB00610538 /* CurrentlyFollowing.swift */; };
		465E99A9265B6FCB00610538 /* SearchCollectionViewCell.swift in Sources */ = {isa = PBXBuildFile; fileRef = 465E99A8265B6FCB00610538 /* SearchCollectionViewCell.swift */; };
		465E99AD265B749300610538 /* SearchCollectionReusableHeader.swift in Sources */ = {isa = PBXBuildFile; fileRef = 465E99AC265B749300610538 /* SearchCollectionReusableHeader.swift */; };
		465E99B1265B9B2500610538 /* SearchResultController.swift in Sources */ = {isa = PBXBuildFile; fileRef = 465E99B0265B9B2500610538 /* SearchResultController.swift */; };
		465E99B4265B9C4100610538 /* SearchResultView.swift in Sources */ = {isa = PBXBuildFile; fileRef = 465E99B3265B9C4100610538 /* SearchResultView.swift */; };
		465E99B7265BB07300610538 /* SearchResultTableViewCell.swift in Sources */ = {isa = PBXBuildFile; fileRef = 465E99B6265BB07300610538 /* SearchResultTableViewCell.swift */; };
		465E99BA265BD00F00610538 /* HomePageModel.swift in Sources */ = {isa = PBXBuildFile; fileRef = 465E99B9265BD00F00610538 /* HomePageModel.swift */; };
		465E99C8265CC4E900610538 /* PlayerViewController.swift in Sources */ = {isa = PBXBuildFile; fileRef = 465E99C7265CC4E900610538 /* PlayerViewController.swift */; };
		465E99CB265D370F00610538 /* PlayerView.swift in Sources */ = {isa = PBXBuildFile; fileRef = 465E99CA265D370F00610538 /* PlayerView.swift */; };
		465E99D2265E2D0900610538 /* LibraryTableViewCell.swift in Sources */ = {isa = PBXBuildFile; fileRef = 465E99D1265E2D0900610538 /* LibraryTableViewCell.swift */; };
		465E99D5265E333600610538 /* Library.swift in Sources */ = {isa = PBXBuildFile; fileRef = 465E99D4265E333600610538 /* Library.swift */; };
		465E99DD265E784000610538 /* PlayerTableViewCell.swift in Sources */ = {isa = PBXBuildFile; fileRef = 465E99DC265E784000610538 /* PlayerTableViewCell.swift */; };
		465E99E0265E789A00610538 /* PlayerPlaylistTableViewCell.swift in Sources */ = {isa = PBXBuildFile; fileRef = 465E99DF265E789A00610538 /* PlayerPlaylistTableViewCell.swift */; };
		46970E0F265F67BA009F3DE1 /* ArtistTopTracks.swift in Sources */ = {isa = PBXBuildFile; fileRef = 46970E0E265F67BA009F3DE1 /* ArtistTopTracks.swift */; };
/* End PBXBuildFile section */

/* Begin PBXFileReference section */
		465E98E326551A9900610538 /* Spotify-Demo.app */ = {isa = PBXFileReference; explicitFileType = wrapper.application; includeInIndex = 0; path = "Spotify-Demo.app"; sourceTree = BUILT_PRODUCTS_DIR; };
		465E98E626551A9900610538 /* AppDelegate.swift */ = {isa = PBXFileReference; lastKnownFileType = sourcecode.swift; path = AppDelegate.swift; sourceTree = "<group>"; };
		465E98E826551A9900610538 /* SceneDelegate.swift */ = {isa = PBXFileReference; lastKnownFileType = sourcecode.swift; path = SceneDelegate.swift; sourceTree = "<group>"; };
		465E98EA26551A9900610538 /* HomeViewController.swift */ = {isa = PBXFileReference; lastKnownFileType = sourcecode.swift; path = HomeViewController.swift; sourceTree = "<group>"; };
		465E98EF26551A9C00610538 /* Assets.xcassets */ = {isa = PBXFileReference; lastKnownFileType = folder.assetcatalog; path = Assets.xcassets; sourceTree = "<group>"; };
		465E98F226551A9C00610538 /* Base */ = {isa = PBXFileReference; lastKnownFileType = file.storyboard; name = Base; path = Base.lproj/LaunchScreen.storyboard; sourceTree = "<group>"; };
		465E98F426551A9C00610538 /* Info.plist */ = {isa = PBXFileReference; lastKnownFileType = text.plist.xml; path = Info.plist; sourceTree = "<group>"; };
		465E990226551F0900610538 /* MyTabbarViewController.swift */ = {isa = PBXFileReference; lastKnownFileType = sourcecode.swift; path = MyTabbarViewController.swift; sourceTree = "<group>"; };
		465E990826551F2C00610538 /* SearchViewController.swift */ = {isa = PBXFileReference; lastKnownFileType = sourcecode.swift; path = SearchViewController.swift; sourceTree = "<group>"; };
		465E990C26551F4200610538 /* LibraryViewController.swift */ = {isa = PBXFileReference; lastKnownFileType = sourcecode.swift; path = LibraryViewController.swift; sourceTree = "<group>"; };
		465E991326551FBD00610538 /* AuthViewController.swift */ = {isa = PBXFileReference; lastKnownFileType = sourcecode.swift; path = AuthViewController.swift; sourceTree = "<group>"; };
		465E991726551FC800610538 /* WelcomeViewController.swift */ = {isa = PBXFileReference; lastKnownFileType = sourcecode.swift; path = WelcomeViewController.swift; sourceTree = "<group>"; };
		465E991A2655201300610538 /* AuthManager.swift */ = {isa = PBXFileReference; lastKnownFileType = sourcecode.swift; path = AuthManager.swift; sourceTree = "<group>"; };
		465E991D2655201D00610538 /* APICaller.swift */ = {isa = PBXFileReference; lastKnownFileType = sourcecode.swift; path = APICaller.swift; sourceTree = "<group>"; };
		465E99262656067300610538 /* AuthResponse.swift */ = {isa = PBXFileReference; lastKnownFileType = sourcecode.swift; path = AuthResponse.swift; sourceTree = "<group>"; };
		465E992926561EBE00610538 /* UserProfile.swift */ = {isa = PBXFileReference; lastKnownFileType = sourcecode.swift; path = UserProfile.swift; sourceTree = "<group>"; };
		465E992C265623E500610538 /* ProfileViewController.swift */ = {isa = PBXFileReference; lastKnownFileType = sourcecode.swift; path = ProfileViewController.swift; sourceTree = "<group>"; };
		465E992F2656368200610538 /* SearchResult.swift */ = {isa = PBXFileReference; lastKnownFileType = sourcecode.swift; path = SearchResult.swift; sourceTree = "<group>"; };
		465E99332656547D00610538 /* HomeView.swift */ = {isa = PBXFileReference; lastKnownFileType = sourcecode.swift; path = HomeView.swift; sourceTree = "<group>"; };
		465E99362656548C00610538 /* SearchView.swift */ = {isa = PBXFileReference; lastKnownFileType = sourcecode.swift; path = SearchView.swift; sourceTree = "<group>"; };
		465E99392656549B00610538 /* LibraryView.swift */ = {isa = PBXFileReference; lastKnownFileType = sourcecode.swift; path = LibraryView.swift; sourceTree = "<group>"; };
		465E993C265654A700610538 /* ProfileView.swift */ = {isa = PBXFileReference; lastKnownFileType = sourcecode.swift; path = ProfileView.swift; sourceTree = "<group>"; };
		465E994026565B7C00610538 /* HomeTableViewCell.swift */ = {isa = PBXFileReference; lastKnownFileType = sourcecode.swift; path = HomeTableViewCell.swift; sourceTree = "<group>"; };
		465E994526565F7000610538 /* BackgroundColor.swift */ = {isa = PBXFileReference; lastKnownFileType = sourcecode.swift; path = BackgroundColor.swift; sourceTree = "<group>"; };
		465E997926577B1E00610538 /* Brouse.swift */ = {isa = PBXFileReference; lastKnownFileType = sourcecode.swift; path = Brouse.swift; sourceTree = "<group>"; };
		465E997D265787C000610538 /* RankPlaylist.swift */ = {isa = PBXFileReference; lastKnownFileType = sourcecode.swift; path = RankPlaylist.swift; sourceTree = "<group>"; };
		465E9983265795F500610538 /* HomeCollectionViewCell.swift */ = {isa = PBXFileReference; lastKnownFileType = sourcecode.swift; path = HomeCollectionViewCell.swift; sourceTree = "<group>"; };
		465E99872657B4EB00610538 /* ArtistsList.swift */ = {isa = PBXFileReference; lastKnownFileType = sourcecode.swift; path = ArtistsList.swift; sourceTree = "<group>"; };
		465E998F2658E29200610538 /* GetImages.swift */ = {isa = PBXFileReference; lastKnownFileType = sourcecode.swift; path = GetImages.swift; sourceTree = "<group>"; };
		465E9996265A8C7900610538 /* RecenlyPlayed.swift */ = {isa = PBXFileReference; lastKnownFileType = sourcecode.swift; path = RecenlyPlayed.swift; sourceTree = "<group>"; };
		465E9999265A9B4F00610538 /* NewReleases.swift */ = {isa = PBXFileReference; lastKnownFileType = sourcecode.swift; path = NewReleases.swift; sourceTree = "<group>"; };
		465E999C265AA6FB00610538 /* CurrentlyFollowing.swift */ = {isa = PBXFileReference; lastKnownFileType = sourcecode.swift; path = CurrentlyFollowing.swift; sourceTree = "<group>"; };
		465E99A8265B6FCB00610538 /* SearchCollectionViewCell.swift */ = {isa = PBXFileReference; lastKnownFileType = sourcecode.swift; path = SearchCollectionViewCell.swift; sourceTree = "<group>"; };
		465E99AC265B749300610538 /* SearchCollectionReusableHeader.swift */ = {isa = PBXFileReference; lastKnownFileType = sourcecode.swift; path = SearchCollectionReusableHeader.swift; sourceTree = "<group>"; };
		465E99B0265B9B2500610538 /* SearchResultController.swift */ = {isa = PBXFileReference; lastKnownFileType = sourcecode.swift; path = SearchResultController.swift; sourceTree = "<group>"; };
		465E99B3265B9C4100610538 /* SearchResultView.swift */ = {isa = PBXFileReference; lastKnownFileType = sourcecode.swift; path = SearchResultView.swift; sourceTree = "<group>"; };
		465E99B6265BB07300610538 /* SearchResultTableViewCell.swift */ = {isa = PBXFileReference; lastKnownFileType = sourcecode.swift; path = SearchResultTableViewCell.swift; sourceTree = "<group>"; };
		465E99B9265BD00F00610538 /* HomePageModel.swift */ = {isa = PBXFileReference; lastKnownFileType = sourcecode.swift; path = HomePageModel.swift; sourceTree = "<group>"; };
		465E99C7265CC4E900610538 /* PlayerViewController.swift */ = {isa = PBXFileReference; lastKnownFileType = sourcecode.swift; path = PlayerViewController.swift; sourceTree = "<group>"; };
		465E99CA265D370F00610538 /* PlayerView.swift */ = {isa = PBXFileReference; lastKnownFileType = sourcecode.swift; path = PlayerView.swift; sourceTree = "<group>"; };
		465E99D1265E2D0900610538 /* LibraryTableViewCell.swift */ = {isa = PBXFileReference; lastKnownFileType = sourcecode.swift; path = LibraryTableViewCell.swift; sourceTree = "<group>"; };
		465E99D4265E333600610538 /* Library.swift */ = {isa = PBXFileReference; lastKnownFileType = sourcecode.swift; path = Library.swift; sourceTree = "<group>"; };
		465E99DC265E784000610538 /* PlayerTableViewCell.swift */ = {isa = PBXFileReference; lastKnownFileType = sourcecode.swift; path = PlayerTableViewCell.swift; sourceTree = "<group>"; };
		465E99DF265E789A00610538 /* PlayerPlaylistTableViewCell.swift */ = {isa = PBXFileReference; lastKnownFileType = sourcecode.swift; path = PlayerPlaylistTableViewCell.swift; sourceTree = "<group>"; };
		46970E0E265F67BA009F3DE1 /* ArtistTopTracks.swift */ = {isa = PBXFileReference; lastKnownFileType = sourcecode.swift; path = ArtistTopTracks.swift; sourceTree = "<group>"; };
/* End PBXFileReference section */

/* Begin PBXFrameworksBuildPhase section */
		465E98E026551A9900610538 /* Frameworks */ = {
			isa = PBXFrameworksBuildPhase;
			buildActionMask = 2147483647;
			files = (
				465E992426552B4900610538 /* SnapKit in Frameworks */,
			);
			runOnlyForDeploymentPostprocessing = 0;
		};
/* End PBXFrameworksBuildPhase section */

/* Begin PBXGroup section */
		465E98DA26551A9900610538 = {
			isa = PBXGroup;
			children = (
				465E98E526551A9900610538 /* Spotify-Demo */,
				465E98E426551A9900610538 /* Products */,
			);
			sourceTree = "<group>";
		};
		465E98E426551A9900610538 /* Products */ = {
			isa = PBXGroup;
			children = (
				465E98E326551A9900610538 /* Spotify-Demo.app */,
			);
			name = Products;
			sourceTree = "<group>";
		};
		465E98E526551A9900610538 /* Spotify-Demo */ = {
			isa = PBXGroup;
			children = (
				465E98E626551A9900610538 /* AppDelegate.swift */,
				465E98E826551A9900610538 /* SceneDelegate.swift */,
				465E994426565F5C00610538 /* Extension */,
				465E990126551E3F00610538 /* Managers */,
				465E990026551E3000610538 /* ViewModels */,
				465E98FD26551DEF00610538 /* Models */,
				465E98FC26551DE400610538 /* Views */,
				465E993F26565B3600610538 /* Cell */,
				465E98FE26551DF300610538 /* Controllers */,
				465E98EF26551A9C00610538 /* Assets.xcassets */,
				465E98F126551A9C00610538 /* LaunchScreen.storyboard */,
				465E98F426551A9C00610538 /* Info.plist */,
			);
			path = "Spotify-Demo";
			sourceTree = "<group>";
		};
		465E98FC26551DE400610538 /* Views */ = {
			isa = PBXGroup;
			children = (
				465E99332656547D00610538 /* HomeView.swift */,
				465E99362656548C00610538 /* SearchView.swift */,
				465E99B3265B9C4100610538 /* SearchResultView.swift */,
				465E99392656549B00610538 /* LibraryView.swift */,
				465E993C265654A700610538 /* ProfileView.swift */,
				465E99CA265D370F00610538 /* PlayerView.swift */,
			);
			path = Views;
			sourceTree = "<group>";
		};
		465E98FD26551DEF00610538 /* Models */ = {
			isa = PBXGroup;
			children = (
				465E999F265B4A2400610538 /* APIModels */,
				465E99262656067300610538 /* AuthResponse.swift */,
				465E99B9265BD00F00610538 /* HomePageModel.swift */,
			);
			path = Models;
			sourceTree = "<group>";
		};
		465E98FE26551DF300610538 /* Controllers */ = {
			isa = PBXGroup;
			children = (
				465E991226551FA800610538 /* Auth */,
				465E991026551F5100610538 /* CoreViewControllers */,
			);
			path = Controllers;
			sourceTree = "<group>";
		};
		465E990026551E3000610538 /* ViewModels */ = {
			isa = PBXGroup;
			children = (
			);
			path = ViewModels;
			sourceTree = "<group>";
		};
		465E990126551E3F00610538 /* Managers */ = {
			isa = PBXGroup;
			children = (
				465E991A2655201300610538 /* AuthManager.swift */,
				465E991D2655201D00610538 /* APICaller.swift */,
			);
			path = Managers;
			sourceTree = "<group>";
		};
		465E991026551F5100610538 /* CoreViewControllers */ = {
			isa = PBXGroup;
			children = (
				465E990226551F0900610538 /* MyTabbarViewController.swift */,
				465E98EA26551A9900610538 /* HomeViewController.swift */,
				465E990826551F2C00610538 /* SearchViewController.swift */,
				465E99B0265B9B2500610538 /* SearchResultController.swift */,
				465E990C26551F4200610538 /* LibraryViewController.swift */,
				465E992C265623E500610538 /* ProfileViewController.swift */,
				465E99C7265CC4E900610538 /* PlayerViewController.swift */,
			);
			path = CoreViewControllers;
			sourceTree = "<group>";
		};
		465E991226551FA800610538 /* Auth */ = {
			isa = PBXGroup;
			children = (
				465E991326551FBD00610538 /* AuthViewController.swift */,
				465E991726551FC800610538 /* WelcomeViewController.swift */,
			);
			path = Auth;
			sourceTree = "<group>";
		};
		465E993F26565B3600610538 /* Cell */ = {
			isa = PBXGroup;
			children = (
				465E994026565B7C00610538 /* HomeTableViewCell.swift */,
				465E9983265795F500610538 /* HomeCollectionViewCell.swift */,
				465E99A8265B6FCB00610538 /* SearchCollectionViewCell.swift */,
				465E99AC265B749300610538 /* SearchCollectionReusableHeader.swift */,
				465E99B6265BB07300610538 /* SearchResultTableViewCell.swift */,
				465E99D1265E2D0900610538 /* LibraryTableViewCell.swift */,
				465E99DC265E784000610538 /* PlayerTableViewCell.swift */,
				465E99DF265E789A00610538 /* PlayerPlaylistTableViewCell.swift */,
			);
			path = Cell;
			sourceTree = "<group>";
		};
		465E994426565F5C00610538 /* Extension */ = {
			isa = PBXGroup;
			children = (
				465E994526565F7000610538 /* BackgroundColor.swift */,
				465E998F2658E29200610538 /* GetImages.swift */,
			);
			path = Extension;
			sourceTree = "<group>";
		};
		465E999F265B4A2400610538 /* APIModels */ = {
			isa = PBXGroup;
			children = (
				465E992926561EBE00610538 /* UserProfile.swift */,
				465E992F2656368200610538 /* SearchResult.swift */,
				465E997D265787C000610538 /* RankPlaylist.swift */,
				465E99872657B4EB00610538 /* ArtistsList.swift */,
				465E9996265A8C7900610538 /* RecenlyPlayed.swift */,
				465E9999265A9B4F00610538 /* NewReleases.swift */,
				465E999C265AA6FB00610538 /* CurrentlyFollowing.swift */,
				465E997926577B1E00610538 /* Brouse.swift */,
				465E99D4265E333600610538 /* Library.swift */,
				46970E0E265F67BA009F3DE1 /* ArtistTopTracks.swift */,
			);
			path = APIModels;
			sourceTree = "<group>";
		};
/* End PBXGroup section */

/* Begin PBXNativeTarget section */
		465E98E226551A9900610538 /* Spotify-Demo */ = {
			isa = PBXNativeTarget;
			buildConfigurationList = 465E98F726551A9C00610538 /* Build configuration list for PBXNativeTarget "Spotify-Demo" */;
			buildPhases = (
				465E98DF26551A9900610538 /* Sources */,
				465E98E026551A9900610538 /* Frameworks */,
				465E98E126551A9900610538 /* Resources */,
			);
			buildRules = (
			);
			dependencies = (
			);
			name = "Spotify-Demo";
			packageProductDependencies = (
				465E992326552B4900610538 /* SnapKit */,
			);
			productName = "Spotify-Demo";
			productReference = 465E98E326551A9900610538 /* Spotify-Demo.app */;
			productType = "com.apple.product-type.application";
		};
/* End PBXNativeTarget section */

/* Begin PBXProject section */
		465E98DB26551A9900610538 /* Project object */ = {
			isa = PBXProject;
			attributes = {
				LastSwiftUpdateCheck = 1240;
				LastUpgradeCheck = 1240;
				TargetAttributes = {
					465E98E226551A9900610538 = {
						CreatedOnToolsVersion = 12.4;
					};
				};
			};
			buildConfigurationList = 465E98DE26551A9900610538 /* Build configuration list for PBXProject "Spotify-Demo" */;
			compatibilityVersion = "Xcode 9.3";
			developmentRegion = en;
			hasScannedForEncodings = 0;
			knownRegions = (
				en,
				Base,
			);
			mainGroup = 465E98DA26551A9900610538;
			packageReferences = (
				465E992226552B4900610538 /* XCRemoteSwiftPackageReference "SnapKit" */,
			);
			productRefGroup = 465E98E426551A9900610538 /* Products */;
			projectDirPath = "";
			projectRoot = "";
			targets = (
				465E98E226551A9900610538 /* Spotify-Demo */,
			);
		};
/* End PBXProject section */

/* Begin PBXResourcesBuildPhase section */
		465E98E126551A9900610538 /* Resources */ = {
			isa = PBXResourcesBuildPhase;
			buildActionMask = 2147483647;
			files = (
				465E98F326551A9C00610538 /* LaunchScreen.storyboard in Resources */,
				465E98F026551A9C00610538 /* Assets.xcassets in Resources */,
			);
			runOnlyForDeploymentPostprocessing = 0;
		};
/* End PBXResourcesBuildPhase section */

/* Begin PBXSourcesBuildPhase section */
		465E98DF26551A9900610538 /* Sources */ = {
			isa = PBXSourcesBuildPhase;
			buildActionMask = 2147483647;
			files = (
				465E990926551F2C00610538 /* SearchViewController.swift in Sources */,
				465E99B4265B9C4100610538 /* SearchResultView.swift in Sources */,
				465E991B2655201300610538 /* AuthManager.swift in Sources */,
				465E99D5265E333600610538 /* Library.swift in Sources */,
				465E9984265795F500610538 /* HomeCollectionViewCell.swift in Sources */,
				465E991826551FC800610538 /* WelcomeViewController.swift in Sources */,
				465E99DD265E784000610538 /* PlayerTableViewCell.swift in Sources */,
				465E999D265AA6FB00610538 /* CurrentlyFollowing.swift in Sources */,
				46970E0F265F67BA009F3DE1 /* ArtistTopTracks.swift in Sources */,
				465E997A26577B1E00610538 /* Brouse.swift in Sources */,
				465E99342656547E00610538 /* HomeView.swift in Sources */,
				465E991E2655201D00610538 /* APICaller.swift in Sources */,
				465E990326551F0900610538 /* MyTabbarViewController.swift in Sources */,
				465E99D2265E2D0900610538 /* LibraryTableViewCell.swift in Sources */,
				465E994126565B7C00610538 /* HomeTableViewCell.swift in Sources */,
				465E994626565F7100610538 /* BackgroundColor.swift in Sources */,
				465E98EB26551A9900610538 /* HomeViewController.swift in Sources */,
				465E991426551FBD00610538 /* AuthViewController.swift in Sources */,
				465E99A9265B6FCB00610538 /* SearchCollectionViewCell.swift in Sources */,
				465E99E0265E789A00610538 /* PlayerPlaylistTableViewCell.swift in Sources */,
				465E98E726551A9900610538 /* AppDelegate.swift in Sources */,
				465E993A2656549B00610538 /* LibraryView.swift in Sources */,
				465E99902658E29200610538 /* GetImages.swift in Sources */,
				465E997E265787C000610538 /* RankPlaylist.swift in Sources */,
				465E993D265654A700610538 /* ProfileView.swift in Sources */,
				465E9997265A8C7900610538 /* RecenlyPlayed.swift in Sources */,
				465E99BA265BD00F00610538 /* HomePageModel.swift in Sources */,
				465E992A26561EBE00610538 /* UserProfile.swift in Sources */,
				465E99B1265B9B2500610538 /* SearchResultController.swift in Sources */,
				465E99C8265CC4E900610538 /* PlayerViewController.swift in Sources */,
				465E99B7265BB07300610538 /* SearchResultTableViewCell.swift in Sources */,
				465E99AD265B749300610538 /* SearchCollectionReusableHeader.swift in Sources */,
				465E99CB265D370F00610538 /* PlayerView.swift in Sources */,
				465E99272656067300610538 /* AuthResponse.swift in Sources */,
				465E999A265A9B4F00610538 /* NewReleases.swift in Sources */,
				465E99302656368200610538 /* SearchResult.swift in Sources */,
				465E99372656548C00610538 /* SearchView.swift in Sources */,
				465E992D265623E500610538 /* ProfileViewController.swift in Sources */,
				465E990D26551F4200610538 /* LibraryViewController.swift in Sources */,
				465E98E926551A9900610538 /* SceneDelegate.swift in Sources */,
				465E99882657B4EB00610538 /* ArtistsList.swift in Sources */,
			);
			runOnlyForDeploymentPostprocessing = 0;
		};
/* End PBXSourcesBuildPhase section */

/* Begin PBXVariantGroup section */
		465E98F126551A9C00610538 /* LaunchScreen.storyboard */ = {
			isa = PBXVariantGroup;
			children = (
				465E98F226551A9C00610538 /* Base */,
			);
			name = LaunchScreen.storyboard;
			sourceTree = "<group>";
		};
/* End PBXVariantGroup section */

/* Begin XCBuildConfiguration section */
		465E98F526551A9C00610538 /* Debug */ = {
			isa = XCBuildConfiguration;
			buildSettings = {
				ALWAYS_SEARCH_USER_PATHS = NO;
				CLANG_ANALYZER_NONNULL = YES;
				CLANG_ANALYZER_NUMBER_OBJECT_CONVERSION = YES_AGGRESSIVE;
				CLANG_CXX_LANGUAGE_STANDARD = "gnu++14";
				CLANG_CXX_LIBRARY = "libc++";
				CLANG_ENABLE_MODULES = YES;
				CLANG_ENABLE_OBJC_ARC = YES;
				CLANG_ENABLE_OBJC_WEAK = YES;
				CLANG_WARN_BLOCK_CAPTURE_AUTORELEASING = YES;
				CLANG_WARN_BOOL_CONVERSION = YES;
				CLANG_WARN_COMMA = YES;
				CLANG_WARN_CONSTANT_CONVERSION = YES;
				CLANG_WARN_DEPRECATED_OBJC_IMPLEMENTATIONS = YES;
				CLANG_WARN_DIRECT_OBJC_ISA_USAGE = YES_ERROR;
				CLANG_WARN_DOCUMENTATION_COMMENTS = YES;
				CLANG_WARN_EMPTY_BODY = YES;
				CLANG_WARN_ENUM_CONVERSION = YES;
				CLANG_WARN_INFINITE_RECURSION = YES;
				CLANG_WARN_INT_CONVERSION = YES;
				CLANG_WARN_NON_LITERAL_NULL_CONVERSION = YES;
				CLANG_WARN_OBJC_IMPLICIT_RETAIN_SELF = YES;
				CLANG_WARN_OBJC_LITERAL_CONVERSION = YES;
				CLANG_WARN_OBJC_ROOT_CLASS = YES_ERROR;
				CLANG_WARN_QUOTED_INCLUDE_IN_FRAMEWORK_HEADER = YES;
				CLANG_WARN_RANGE_LOOP_ANALYSIS = YES;
				CLANG_WARN_STRICT_PROTOTYPES = YES;
				CLANG_WARN_SUSPICIOUS_MOVE = YES;
				CLANG_WARN_UNGUARDED_AVAILABILITY = YES_AGGRESSIVE;
				CLANG_WARN_UNREACHABLE_CODE = YES;
				CLANG_WARN__DUPLICATE_METHOD_MATCH = YES;
				COPY_PHASE_STRIP = NO;
				DEBUG_INFORMATION_FORMAT = dwarf;
				ENABLE_STRICT_OBJC_MSGSEND = YES;
				ENABLE_TESTABILITY = YES;
				GCC_C_LANGUAGE_STANDARD = gnu11;
				GCC_DYNAMIC_NO_PIC = NO;
				GCC_NO_COMMON_BLOCKS = YES;
				GCC_OPTIMIZATION_LEVEL = 0;
				GCC_PREPROCESSOR_DEFINITIONS = (
					"DEBUG=1",
					"$(inherited)",
				);
				GCC_WARN_64_TO_32_BIT_CONVERSION = YES;
				GCC_WARN_ABOUT_RETURN_TYPE = YES_ERROR;
				GCC_WARN_UNDECLARED_SELECTOR = YES;
				GCC_WARN_UNINITIALIZED_AUTOS = YES_AGGRESSIVE;
				GCC_WARN_UNUSED_FUNCTION = YES;
				GCC_WARN_UNUSED_VARIABLE = YES;
				IPHONEOS_DEPLOYMENT_TARGET = 14.4;
				MTL_ENABLE_DEBUG_INFO = INCLUDE_SOURCE;
				MTL_FAST_MATH = YES;
				ONLY_ACTIVE_ARCH = YES;
				SDKROOT = iphoneos;
				SWIFT_ACTIVE_COMPILATION_CONDITIONS = DEBUG;
				SWIFT_OPTIMIZATION_LEVEL = "-Onone";
			};
			name = Debug;
		};
		465E98F626551A9C00610538 /* Release */ = {
			isa = XCBuildConfiguration;
			buildSettings = {
				ALWAYS_SEARCH_USER_PATHS = NO;
				CLANG_ANALYZER_NONNULL = YES;
				CLANG_ANALYZER_NUMBER_OBJECT_CONVERSION = YES_AGGRESSIVE;
				CLANG_CXX_LANGUAGE_STANDARD = "gnu++14";
				CLANG_CXX_LIBRARY = "libc++";
				CLANG_ENABLE_MODULES = YES;
				CLANG_ENABLE_OBJC_ARC = YES;
				CLANG_ENABLE_OBJC_WEAK = YES;
				CLANG_WARN_BLOCK_CAPTURE_AUTORELEASING = YES;
				CLANG_WARN_BOOL_CONVERSION = YES;
				CLANG_WARN_COMMA = YES;
				CLANG_WARN_CONSTANT_CONVERSION = YES;
				CLANG_WARN_DEPRECATED_OBJC_IMPLEMENTATIONS = YES;
				CLANG_WARN_DIRECT_OBJC_ISA_USAGE = YES_ERROR;
				CLANG_WARN_DOCUMENTATION_COMMENTS = YES;
				CLANG_WARN_EMPTY_BODY = YES;
				CLANG_WARN_ENUM_CONVERSION = YES;
				CLANG_WARN_INFINITE_RECURSION = YES;
				CLANG_WARN_INT_CONVERSION = YES;
				CLANG_WARN_NON_LITERAL_NULL_CONVERSION = YES;
				CLANG_WARN_OBJC_IMPLICIT_RETAIN_SELF = YES;
				CLANG_WARN_OBJC_LITERAL_CONVERSION = YES;
				CLANG_WARN_OBJC_ROOT_CLASS = YES_ERROR;
				CLANG_WARN_QUOTED_INCLUDE_IN_FRAMEWORK_HEADER = YES;
				CLANG_WARN_RANGE_LOOP_ANALYSIS = YES;
				CLANG_WARN_STRICT_PROTOTYPES = YES;
				CLANG_WARN_SUSPICIOUS_MOVE = YES;
				CLANG_WARN_UNGUARDED_AVAILABILITY = YES_AGGRESSIVE;
				CLANG_WARN_UNREACHABLE_CODE = YES;
				CLANG_WARN__DUPLICATE_METHOD_MATCH = YES;
				COPY_PHASE_STRIP = NO;
				DEBUG_INFORMATION_FORMAT = "dwarf-with-dsym";
				ENABLE_NS_ASSERTIONS = NO;
				ENABLE_STRICT_OBJC_MSGSEND = YES;
				GCC_C_LANGUAGE_STANDARD = gnu11;
				GCC_NO_COMMON_BLOCKS = YES;
				GCC_WARN_64_TO_32_BIT_CONVERSION = YES;
				GCC_WARN_ABOUT_RETURN_TYPE = YES_ERROR;
				GCC_WARN_UNDECLARED_SELECTOR = YES;
				GCC_WARN_UNINITIALIZED_AUTOS = YES_AGGRESSIVE;
				GCC_WARN_UNUSED_FUNCTION = YES;
				GCC_WARN_UNUSED_VARIABLE = YES;
				IPHONEOS_DEPLOYMENT_TARGET = 14.4;
				MTL_ENABLE_DEBUG_INFO = NO;
				MTL_FAST_MATH = YES;
				SDKROOT = iphoneos;
				SWIFT_COMPILATION_MODE = wholemodule;
				SWIFT_OPTIMIZATION_LEVEL = "-O";
				VALIDATE_PRODUCT = YES;
			};
			name = Release;
		};
		465E98F826551A9C00610538 /* Debug */ = {
			isa = XCBuildConfiguration;
			buildSettings = {
				ASSETCATALOG_COMPILER_APPICON_NAME = AppIcon;
				ASSETCATALOG_COMPILER_GLOBAL_ACCENT_COLOR_NAME = AccentColor;
				CODE_SIGN_STYLE = Automatic;
				DEVELOPMENT_TEAM = TYC5BK4Q43;
				INFOPLIST_FILE = "Spotify-Demo/Info.plist";
				LD_RUNPATH_SEARCH_PATHS = (
					"$(inherited)",
					"@executable_path/Frameworks",
				);
				PRODUCT_BUNDLE_IDENTIFIER = "com.WSP.Spotify-Demo";
				PRODUCT_NAME = "$(TARGET_NAME)";
				SWIFT_VERSION = 5.0;
				TARGETED_DEVICE_FAMILY = "1,2";
			};
			name = Debug;
		};
		465E98F926551A9C00610538 /* Release */ = {
			isa = XCBuildConfiguration;
			buildSettings = {
				ASSETCATALOG_COMPILER_APPICON_NAME = AppIcon;
				ASSETCATALOG_COMPILER_GLOBAL_ACCENT_COLOR_NAME = AccentColor;
				CODE_SIGN_STYLE = Automatic;
				DEVELOPMENT_TEAM = TYC5BK4Q43;
				INFOPLIST_FILE = "Spotify-Demo/Info.plist";
				LD_RUNPATH_SEARCH_PATHS = (
					"$(inherited)",
					"@executable_path/Frameworks",
				);
				PRODUCT_BUNDLE_IDENTIFIER = "com.WSP.Spotify-Demo";
				PRODUCT_NAME = "$(TARGET_NAME)";
				SWIFT_VERSION = 5.0;
				TARGETED_DEVICE_FAMILY = "1,2";
			};
			name = Release;
		};
/* End XCBuildConfiguration section */

/* Begin XCConfigurationList section */
		465E98DE26551A9900610538 /* Build configuration list for PBXProject "Spotify-Demo" */ = {
			isa = XCConfigurationList;
			buildConfigurations = (
				465E98F526551A9C00610538 /* Debug */,
				465E98F626551A9C00610538 /* Release */,
			);
			defaultConfigurationIsVisible = 0;
			defaultConfigurationName = Release;
		};
		465E98F726551A9C00610538 /* Build configuration list for PBXNativeTarget "Spotify-Demo" */ = {
			isa = XCConfigurationList;
			buildConfigurations = (
				465E98F826551A9C00610538 /* Debug */,
				465E98F926551A9C00610538 /* Release */,
			);
			defaultConfigurationIsVisible = 0;
			defaultConfigurationName = Release;
		};
/* End XCConfigurationList section */

/* Begin XCRemoteSwiftPackageReference section */
		465E992226552B4900610538 /* XCRemoteSwiftPackageReference "SnapKit" */ = {
			isa = XCRemoteSwiftPackageReference;
			repositoryURL = "https://github.com/SnapKit/SnapKit";
			requirement = {
				kind = upToNextMajorVersion;
				minimumVersion = 5.0.1;
			};
		};
/* End XCRemoteSwiftPackageReference section */

/* Begin XCSwiftPackageProductDependency section */
		465E992326552B4900610538 /* SnapKit */ = {
			isa = XCSwiftPackageProductDependency;
			package = 465E992226552B4900610538 /* XCRemoteSwiftPackageReference "SnapKit" */;
			productName = SnapKit;
		};
/* End XCSwiftPackageProductDependency section */
	};
	rootObject = 465E98DB26551A9900610538 /* Project object */;
}
